PODS:
  - Down (0.9.2)
  - ImageSlideshow (1.8.3):
    - ImageSlideshow/Core (= 1.8.3)
  - ImageSlideshow/Core (1.8.3)
  - KeychainSwift (19.0.0)
  - Multipart (0.1.0)
  - PhoneNumberKit (3.2.0):
    - PhoneNumberKit/PhoneNumberKitCore (= 3.2.0)
    - PhoneNumberKit/UIKit (= 3.2.0)
  - PhoneNumberKit/PhoneNumberKitCore (3.2.0)
  - PhoneNumberKit/UIKit (3.2.0):
    - PhoneNumberKit/PhoneNumberKitCore
  - SkeletonView (1.8.7)
  - SQLite.swift (0.12.2):
    - SQLite.swift/standard (= 0.12.2)
  - SQLite.swift/standard (0.12.2)
  - SVProgressHUD (2.2.5)

DEPENDENCIES:
  - Down (= 0.9.2)
  - ImageSlideshow (= 1.8.3)
  - KeychainSwift (= 19.0.0)
  - Multipart (= 0.1.0)
  - PhoneNumberKit (= 3.2.0)
  - SkeletonView (= 1.8.7)
  - SQLite.swift (= 0.12.2)
  - SVProgressHUD (= 2.2.5)

SPEC REPOS:
  trunk:
    - Down
    - ImageSlideshow
    - KeychainSwift
    - Multipart
    - PhoneNumberKit
    - SkeletonView
    - SQLite.swift
    - SVProgressHUD

SPEC CHECKSUMS:
  Down: 1f6a14846dff45ae8e7e4334b4e386a5fd3b2412
  ImageSlideshow: 4694d7d699a1549582e7cc631fb392d8f91630f3
  KeychainSwift: a06190cf933ad46b1e0abc3d77d29c06331715c7
  Multipart: b480ccb6d74264ea69e7f37133c70597cc0ca87e
  PhoneNumberKit: df411d46177d1492da84e10b6c093846dd861452
  SkeletonView: ba5370f41280b2f0a76918bb143c1294232bb4f4
  SQLite.swift: d2b4642190917051ce6bd1d49aab565fe794eea3
  SVProgressHUD: 1428aafac632c1f86f62aa4243ec12008d7a51d6

PODFILE CHECKSUM: 666082791896bd3801731744055de0d57c984159

COCOAPODS: 1.11.2
