PODS:
  - Down (0.9.2)
  - ImageSlideshow (1.8.3):
    - ImageSlideshow/Core (= 1.8.3)
  - ImageSlideshow/Core (1.8.3)
  - KeychainSwift (19.0.0)
  - Multipart (0.1.0)
  - PhoneNumberKit (3.2.0):
    - PhoneNumberKit/PhoneNumberKitCore (= 3.2.0)
    - PhoneNumberKit/UIKit (= 3.2.0)
  - PhoneNumberKit/PhoneNumberKitCore (3.2.0)
  - PhoneNumberKit/UIKit (3.2.0):
    - PhoneNumberKit/PhoneNumberKitCore
  - SVProgressHUD (2.2.5)

DEPENDENCIES:
  - Down (= 0.9.2)
  - ImageSlideshow (= 1.8.3)
  - KeychainSwift (= 19.0.0)
  - Multipart (= 0.1.0)
  - PhoneNumberKit (= 3.2.0)
  - SVProgressHUD (= 2.2.5)

SPEC REPOS:
  trunk:
    - Down
    - ImageSlideshow
    - KeychainSwift
    - Multipart
    - PhoneNumberKit
    - SVProgressHUD

SPEC CHECKSUMS:
  Down: 1f6a14846dff45ae8e7e4334b4e386a5fd3b2412
  ImageSlideshow: 4694d7d699a1549582e7cc631fb392d8f91630f3
  KeychainSwift: a06190cf933ad46b1e0abc3d77d29c06331715c7
  Multipart: b480ccb6d74264ea69e7f37133c70597cc0ca87e
  PhoneNumberKit: df411d46177d1492da84e10b6c093846dd861452
  SVProgressHUD: 1428aafac632c1f86f62aa4243ec12008d7a51d6

PODFILE CHECKSUM: 3a3b8965439f97056d40f746cb553ee8e400e141

COCOAPODS: 1.11.3
