// !$*UTF8*$!
{
	archiveVersion = 1;
	classes = {
	};
	objectVersion = 54;
	objects = {

/* Begin PBXAggregateTarget section */
		C933908427FB511F007B5FD8 /* GoSSB.xcframework */ = {
			isa = PBXAggregateTarget;
			buildConfigurationList = C933908527FB511F007B5FD8 /* Build configuration list for PBXAggregateTarget "GoSSB.xcframework" */;
			buildPhases = (
				C933908827FB5134007B5FD8 /* Install Golang toolchain */,
				C933908927FB5188007B5FD8 /* Make libssb-go.a */,
				C933908A27FB51C5007B5FD8 /* Combine .a files into GoSSB.xcframework */,
				C933908C27FB53B1007B5FD8 /* Install GoSSB.xcframework in Planetary */,
			);
			dependencies = (
			);
			name = GoSSB.xcframework;
			productName = GoSSB.xcframework;
		};
/* End PBXAggregateTarget section */

/* Begin PBXFileReference section */
		0A26524D278A7492008F9EAA /* module.modulemap */ = {isa = PBXFileReference; lastKnownFileType = "sourcecode.module-map"; name = module.modulemap; path = include/module.modulemap; sourceTree = "<group>"; };
		5B1FF5E028D8A3F2008F3A85 /* raw.go */ = {isa = PBXFileReference; lastKnownFileType = text; path = raw.go; sourceTree = "<group>"; };
		C93DE35627E8C9E700C0E93D /* go.sum */ = {isa = PBXFileReference; lastKnownFileType = text; path = go.sum; sourceTree = "<group>"; };
		C93DE35727E8C9E700C0E93D /* api-ios.go */ = {isa = PBXFileReference; lastKnownFileType = text; path = "api-ios.go"; sourceTree = "<group>"; };
		C93DE35D27E8C9E700C0E93D /* testing.go */ = {isa = PBXFileReference; lastKnownFileType = text; path = testing.go; sourceTree = "<group>"; };
		C93DE35E27E8C9E700C0E93D /* blobs.go */ = {isa = PBXFileReference; lastKnownFileType = text; path = blobs.go; sourceTree = "<group>"; };
		C93DE36427E8C9E700C0E93D /* publish.go */ = {isa = PBXFileReference; lastKnownFileType = text; path = publish.go; sourceTree = "<group>"; };
		C93DE36527E8C9E700C0E93D /* ctrl.go */ = {isa = PBXFileReference; lastKnownFileType = text; path = ctrl.go; sourceTree = "<group>"; };
		C93DE36627E8C9E700C0E93D /* streams.go */ = {isa = PBXFileReference; lastKnownFileType = text; path = streams.go; sourceTree = "<group>"; };
		C93DE36727E8C9E700C0E93D /* debug.go */ = {isa = PBXFileReference; lastKnownFileType = text; path = debug.go; sourceTree = "<group>"; };
		C93DE36827E8C9E700C0E93D /* utils.go */ = {isa = PBXFileReference; lastKnownFileType = text; path = utils.go; sourceTree = "<group>"; };
		C93DE36A27E8C9E700C0E93D /* GoSSB.h */ = {isa = PBXFileReference; lastKnownFileType = sourcecode.c.h; path = GoSSB.h; sourceTree = "<group>"; };
		C93DE36B27E8C9E700C0E93D /* module.modulemap */ = {isa = PBXFileReference; lastKnownFileType = "sourcecode.module-map"; path = module.modulemap; sourceTree = "<group>"; };
		C9570F49278640CA0095EFFF /* GoSSB.h */ = {isa = PBXFileReference; lastKnownFileType = sourcecode.c.h; name = GoSSB.h; path = include/GoSSB.h; sourceTree = "<group>"; };
		C9570F55278641B00095EFFF /* Makefile */ = {isa = PBXFileReference; fileEncoding = 4; lastKnownFileType = sourcecode.make; path = Makefile; sourceTree = "<group>"; };
		C9570F5D27864D850095EFFF /* README.md */ = {isa = PBXFileReference; fileEncoding = 4; lastKnownFileType = net.daringfireball.markdown; path = README.md; sourceTree = "<group>"; };
		C95E7454289EBE66005999D1 /* go.mod */ = {isa = PBXFileReference; explicitFileType = text; path = go.mod; sourceTree = "<group>"; };
		C95E7C7729789B3300E921F4 /* progress_callback.go */ = {isa = PBXFileReference; lastKnownFileType = text; path = progress_callback.go; sourceTree = "<group>"; };
		C95E7C7829789B3300E921F4 /* logger.go */ = {isa = PBXFileReference; lastKnownFileType = text; path = logger.go; sourceTree = "<group>"; };
		C95E7C7929789B3300E921F4 /* bindings.go */ = {isa = PBXFileReference; lastKnownFileType = text; path = bindings.go; sourceTree = "<group>"; };
/* End PBXFileReference section */

/* Begin PBXGroup section */
		C93DE36927E8C9E700C0E93D /* include */ = {
			isa = PBXGroup;
			children = (
				C93DE36A27E8C9E700C0E93D /* GoSSB.h */,
				C93DE36B27E8C9E700C0E93D /* module.modulemap */,
			);
			path = include;
			sourceTree = "<group>";
		};
		C9570F3D278640CA0095EFFF = {
			isa = PBXGroup;
			children = (
				C9570F5D27864D850095EFFF /* README.md */,
				C9570F48278640CA0095EFFF /* Sources */,
				C9570F47278640CA0095EFFF /* Products */,
			);
			sourceTree = "<group>";
		};
		C9570F47278640CA0095EFFF /* Products */ = {
			isa = PBXGroup;
			children = (
			);
			name = Products;
			sourceTree = "<group>";
		};
		C9570F48278640CA0095EFFF /* Sources */ = {
			isa = PBXGroup;
			children = (
				C95E7C7629789B3300E921F4 /* bindings */,
				C9570F55278641B00095EFFF /* Makefile */,
				C93DE35727E8C9E700C0E93D /* api-ios.go */,
				C93DE35E27E8C9E700C0E93D /* blobs.go */,
				C93DE36527E8C9E700C0E93D /* ctrl.go */,
				C93DE36727E8C9E700C0E93D /* debug.go */,
				C93DE36427E8C9E700C0E93D /* publish.go */,
				5B1FF5E028D8A3F2008F3A85 /* raw.go */,
				C93DE36627E8C9E700C0E93D /* streams.go */,
				C93DE35D27E8C9E700C0E93D /* testing.go */,
				C93DE36827E8C9E700C0E93D /* utils.go */,
				C9570F49278640CA0095EFFF /* GoSSB.h */,
				0A26524D278A7492008F9EAA /* module.modulemap */,
				C95E7454289EBE66005999D1 /* go.mod */,
				C93DE35627E8C9E700C0E93D /* go.sum */,
				C93DE36927E8C9E700C0E93D /* include */,
			);
			path = Sources;
			sourceTree = "<group>";
		};
		C95E7C7629789B3300E921F4 /* bindings */ = {
			isa = PBXGroup;
			children = (
				C95E7C7729789B3300E921F4 /* progress_callback.go */,
				C95E7C7829789B3300E921F4 /* logger.go */,
				C95E7C7929789B3300E921F4 /* bindings.go */,
			);
			path = bindings;
			sourceTree = "<group>";
		};
/* End PBXGroup section */

/* Begin PBXProject section */
		C9570F3E278640CA0095EFFF /* Project object */ = {
			isa = PBXProject;
			attributes = {
				BuildIndependentTargetsInParallel = 1;
				LastUpgradeCheck = 1320;
				TargetAttributes = {
					C933908427FB511F007B5FD8 = {
						CreatedOnToolsVersion = 13.3;
					};
				};
			};
			buildConfigurationList = C9570F41278640CA0095EFFF /* Build configuration list for PBXProject "GoSSB" */;
			compatibilityVersion = "Xcode 12.0";
			developmentRegion = en;
			hasScannedForEncodings = 0;
			knownRegions = (
				en,
				Base,
			);
			mainGroup = C9570F3D278640CA0095EFFF;
			productRefGroup = C9570F47278640CA0095EFFF /* Products */;
			projectDirPath = "";
			projectRoot = "";
			targets = (
				C933908427FB511F007B5FD8 /* GoSSB.xcframework */,
			);
		};
/* End PBXProject section */

/* Begin PBXShellScriptBuildPhase section */
		C933908827FB5134007B5FD8 /* Install Golang toolchain */ = {
			isa = PBXShellScriptBuildPhase;
			alwaysOutOfDate = 1;
			buildActionMask = 2147483647;
			files = (
			);
			inputFileListPaths = (
			);
			inputPaths = (
				"$(PROJECT_DIR)/../Scripts/Sources/go_install.sh",
			);
			name = "Install Golang toolchain";
			outputFileListPaths = (
			);
			outputPaths = (
				"${PROJECT_DIR}/Sources/.goroot",
			);
			runOnlyForDeploymentPostprocessing = 0;
			shellPath = /bin/sh;
			shellScript = "#!/bin/sh\n\nset -e\n\n\n# trigger Makefile in go-ssb-bindings\n#export GOROOT_PATCHED=${TEMP_ROOT}/.goroot\nexport GOROOT=${PROJECT_DIR}/Sources/.goroot\n${PROJECT_DIR}/../Scripts/go_install.sh\n";
		};
		C933908927FB5188007B5FD8 /* Make libssb-go.a */ = {
			isa = PBXShellScriptBuildPhase;
			alwaysOutOfDate = 1;
			buildActionMask = 2147483647;
			files = (
			);
			inputFileListPaths = (
			);
			inputPaths = (
			);
			name = "Make libssb-go.a";
			outputFileListPaths = (
			);
			outputPaths = (
			);
			runOnlyForDeploymentPostprocessing = 0;
			shellPath = /bin/sh;
			shellScript = "export GOROOT=${PROJECT_DIR}/Sources/.goroot\ncd ${PROJECT_DIR}/Sources\nmake\n";
			showEnvVarsInLog = 0;
		};
		C933908A27FB51C5007B5FD8 /* Combine .a files into GoSSB.xcframework */ = {
			isa = PBXShellScriptBuildPhase;
			alwaysOutOfDate = 1;
			buildActionMask = 2147483647;
			files = (
			);
			inputFileListPaths = (
			);
			inputPaths = (
				"${BUILD_DIR}/iPhoneOS-arm64/libssb-go.a",
				"${BUILD_DIR}/iPhoneSimulator-arm64_x86_64/libssb-go.a",
				"${PROJECT_DIR}/Sources/include",
			);
			name = "Combine .a files into GoSSB.xcframework";
			outputFileListPaths = (
			);
			outputPaths = (
				"${BUILD_DIR}/Products/GoSSB.xcframework",
			);
			runOnlyForDeploymentPostprocessing = 0;
			shellPath = /bin/sh;
			shellScript = "export XCFRAMEWORK=${BUILD_DIR}/Products/GoSSB.xcframework\nrm -rf $XCFRAMEWORK\n\nxcodebuild -create-xcframework \\\n    -library ${BUILD_DIR}/iPhoneOS-arm64/libssb-go.a \\\n    -headers ${PROJECT_DIR}/Sources/include \\\n    -library ${BUILD_DIR}/iPhoneSimulator-arm64_x86_64/libssb-go.a \\\n    -headers ${PROJECT_DIR}/Sources/include \\\n    -output $XCFRAMEWORK\n";
		};
		C933908C27FB53B1007B5FD8 /* Install GoSSB.xcframework in Planetary */ = {
			isa = PBXShellScriptBuildPhase;
			alwaysOutOfDate = 1;
			buildActionMask = 2147483647;
			files = (
			);
			inputFileListPaths = (
			);
			inputPaths = (
			);
			name = "Install GoSSB.xcframework in Planetary";
			outputFileListPaths = (
			);
			outputPaths = (
			);
			runOnlyForDeploymentPostprocessing = 0;
			shellPath = /bin/sh;
			shellScript = "rsync -rt ${BUILD_DIR}/Products/GoSSB.xcframework/ ${PROJECT_DIR}/../Frameworks/GoSSB.xcframework\n\n";
		};
/* End PBXShellScriptBuildPhase section */

/* Begin XCBuildConfiguration section */
		C933908627FB511F007B5FD8 /* Debug */ = {
			isa = XCBuildConfiguration;
			buildSettings = {
				CODE_SIGN_STYLE = Automatic;
				DEVELOPMENT_TEAM = GZCZBKH7MY;
				IPHONEOS_DEPLOYMENT_TARGET = 14.0;
				PRODUCT_NAME = "$(TARGET_NAME)";
				SKIP_INSTALL = NO;
			};
			name = Debug;
		};
		C933908727FB511F007B5FD8 /* Release */ = {
			isa = XCBuildConfiguration;
			buildSettings = {
				CODE_SIGN_STYLE = Automatic;
				DEVELOPMENT_TEAM = GZCZBKH7MY;
				IPHONEOS_DEPLOYMENT_TARGET = 14.0;
				PRODUCT_NAME = "$(TARGET_NAME)";
				SKIP_INSTALL = NO;
			};
			name = Release;
		};
		C9570F4D278640CA0095EFFF /* Debug */ = {
			isa = XCBuildConfiguration;
			buildSettings = {
				ALWAYS_SEARCH_USER_PATHS = NO;
				BUILD_LIBRARY_FOR_DISTRIBUTION = YES;
				CLANG_ANALYZER_NONNULL = YES;
				CLANG_ANALYZER_NUMBER_OBJECT_CONVERSION = YES_AGGRESSIVE;
				CLANG_CXX_LANGUAGE_STANDARD = "gnu++17";
				CLANG_CXX_LIBRARY = "libc++";
				CLANG_ENABLE_MODULES = YES;
				CLANG_ENABLE_OBJC_ARC = YES;
				CLANG_ENABLE_OBJC_WEAK = YES;
				CLANG_WARN_BLOCK_CAPTURE_AUTORELEASING = YES;
				CLANG_WARN_BOOL_CONVERSION = YES;
				CLANG_WARN_COMMA = YES;
				CLANG_WARN_CONSTANT_CONVERSION = YES;
				CLANG_WARN_DEPRECATED_OBJC_IMPLEMENTATIONS = YES;
				CLANG_WARN_DIRECT_OBJC_ISA_USAGE = YES_ERROR;
				CLANG_WARN_DOCUMENTATION_COMMENTS = YES;
				CLANG_WARN_EMPTY_BODY = YES;
				CLANG_WARN_ENUM_CONVERSION = YES;
				CLANG_WARN_INFINITE_RECURSION = YES;
				CLANG_WARN_INT_CONVERSION = YES;
				CLANG_WARN_NON_LITERAL_NULL_CONVERSION = YES;
				CLANG_WARN_OBJC_IMPLICIT_RETAIN_SELF = YES;
				CLANG_WARN_OBJC_LITERAL_CONVERSION = YES;
				CLANG_WARN_OBJC_ROOT_CLASS = YES_ERROR;
				CLANG_WARN_QUOTED_INCLUDE_IN_FRAMEWORK_HEADER = YES;
				CLANG_WARN_RANGE_LOOP_ANALYSIS = YES;
				CLANG_WARN_STRICT_PROTOTYPES = YES;
				CLANG_WARN_SUSPICIOUS_MOVE = YES;
				CLANG_WARN_UNGUARDED_AVAILABILITY = YES_AGGRESSIVE;
				CLANG_WARN_UNREACHABLE_CODE = YES;
				CLANG_WARN__DUPLICATE_METHOD_MATCH = YES;
				COPY_PHASE_STRIP = NO;
				DEBUG_INFORMATION_FORMAT = dwarf;
				ENABLE_STRICT_OBJC_MSGSEND = YES;
				ENABLE_TESTABILITY = YES;
				GCC_C_LANGUAGE_STANDARD = gnu11;
				GCC_DYNAMIC_NO_PIC = NO;
				GCC_NO_COMMON_BLOCKS = YES;
				GCC_OPTIMIZATION_LEVEL = 0;
				GCC_PREPROCESSOR_DEFINITIONS = (
					"DEBUG=1",
					"$(inherited)",
				);
				GCC_WARN_64_TO_32_BIT_CONVERSION = YES;
				GCC_WARN_ABOUT_RETURN_TYPE = YES_ERROR;
				GCC_WARN_UNDECLARED_SELECTOR = YES;
				GCC_WARN_UNINITIALIZED_AUTOS = YES_AGGRESSIVE;
				GCC_WARN_UNUSED_FUNCTION = YES;
				GCC_WARN_UNUSED_VARIABLE = YES;
				IPHONEOS_DEPLOYMENT_TARGET = 15.2;
				MTL_ENABLE_DEBUG_INFO = INCLUDE_SOURCE;
				MTL_FAST_MATH = YES;
				ONLY_ACTIVE_ARCH = YES;
				SDKROOT = iphoneos;
			};
			name = Debug;
		};
		C9570F4E278640CA0095EFFF /* Release */ = {
			isa = XCBuildConfiguration;
			buildSettings = {
				ALWAYS_SEARCH_USER_PATHS = NO;
				BUILD_LIBRARY_FOR_DISTRIBUTION = YES;
				CLANG_ANALYZER_NONNULL = YES;
				CLANG_ANALYZER_NUMBER_OBJECT_CONVERSION = YES_AGGRESSIVE;
				CLANG_CXX_LANGUAGE_STANDARD = "gnu++17";
				CLANG_CXX_LIBRARY = "libc++";
				CLANG_ENABLE_MODULES = YES;
				CLANG_ENABLE_OBJC_ARC = YES;
				CLANG_ENABLE_OBJC_WEAK = YES;
				CLANG_WARN_BLOCK_CAPTURE_AUTORELEASING = YES;
				CLANG_WARN_BOOL_CONVERSION = YES;
				CLANG_WARN_COMMA = YES;
				CLANG_WARN_CONSTANT_CONVERSION = YES;
				CLANG_WARN_DEPRECATED_OBJC_IMPLEMENTATIONS = YES;
				CLANG_WARN_DIRECT_OBJC_ISA_USAGE = YES_ERROR;
				CLANG_WARN_DOCUMENTATION_COMMENTS = YES;
				CLANG_WARN_EMPTY_BODY = YES;
				CLANG_WARN_ENUM_CONVERSION = YES;
				CLANG_WARN_INFINITE_RECURSION = YES;
				CLANG_WARN_INT_CONVERSION = YES;
				CLANG_WARN_NON_LITERAL_NULL_CONVERSION = YES;
				CLANG_WARN_OBJC_IMPLICIT_RETAIN_SELF = YES;
				CLANG_WARN_OBJC_LITERAL_CONVERSION = YES;
				CLANG_WARN_OBJC_ROOT_CLASS = YES_ERROR;
				CLANG_WARN_QUOTED_INCLUDE_IN_FRAMEWORK_HEADER = YES;
				CLANG_WARN_RANGE_LOOP_ANALYSIS = YES;
				CLANG_WARN_STRICT_PROTOTYPES = YES;
				CLANG_WARN_SUSPICIOUS_MOVE = YES;
				CLANG_WARN_UNGUARDED_AVAILABILITY = YES_AGGRESSIVE;
				CLANG_WARN_UNREACHABLE_CODE = YES;
				CLANG_WARN__DUPLICATE_METHOD_MATCH = YES;
				COPY_PHASE_STRIP = NO;
				DEBUG_INFORMATION_FORMAT = "dwarf-with-dsym";
				ENABLE_NS_ASSERTIONS = NO;
				ENABLE_STRICT_OBJC_MSGSEND = YES;
				GCC_C_LANGUAGE_STANDARD = gnu11;
				GCC_NO_COMMON_BLOCKS = YES;
				GCC_WARN_64_TO_32_BIT_CONVERSION = YES;
				GCC_WARN_ABOUT_RETURN_TYPE = YES_ERROR;
				GCC_WARN_UNDECLARED_SELECTOR = YES;
				GCC_WARN_UNINITIALIZED_AUTOS = YES_AGGRESSIVE;
				GCC_WARN_UNUSED_FUNCTION = YES;
				GCC_WARN_UNUSED_VARIABLE = YES;
				IPHONEOS_DEPLOYMENT_TARGET = 15.2;
				MTL_ENABLE_DEBUG_INFO = NO;
				MTL_FAST_MATH = YES;
				SDKROOT = iphoneos;
				VALIDATE_PRODUCT = YES;
			};
			name = Release;
		};
/* End XCBuildConfiguration section */

/* Begin XCConfigurationList section */
		C933908527FB511F007B5FD8 /* Build configuration list for PBXAggregateTarget "GoSSB.xcframework" */ = {
			isa = XCConfigurationList;
			buildConfigurations = (
				C933908627FB511F007B5FD8 /* Debug */,
				C933908727FB511F007B5FD8 /* Release */,
			);
			defaultConfigurationIsVisible = 0;
			defaultConfigurationName = Release;
		};
		C9570F41278640CA0095EFFF /* Build configuration list for PBXProject "GoSSB" */ = {
			isa = XCConfigurationList;
			buildConfigurations = (
				C9570F4D278640CA0095EFFF /* Debug */,
				C9570F4E278640CA0095EFFF /* Release */,
			);
			defaultConfigurationIsVisible = 0;
			defaultConfigurationName = Release;
		};
/* End XCConfigurationList section */
	};
	rootObject = C9570F3E278640CA0095EFFF /* Project object */;
}
