{
  "object": {
    "pins": [
      {
        "package": "Bugsnag",
        "repositoryURL": "https://github.com/bugsnag/bugsnag-cocoa",
        "state": {
          "branch": null,
          "revision": "b4758ce9dfead9178c90fa620041aaa337f1cdb2",
          "version": "6.16.4"
        }
      },
      {
        "package": "CocoaLumberjack",
        "repositoryURL": "https://github.com/CocoaLumberjack/CocoaLumberjack.git",
        "state": {
          "branch": null,
          "revision": "80ada1f753b0d53d9b57c465936a7c4169375002",
          "version": "3.7.4"
        }
      },
      {
        "package": "PostHog",
        "repositoryURL": "https://github.com/PostHog/posthog-ios",
        "state": {
          "branch": null,
          "revision": "d3177a24686ead147f5e4ff4d7e284ca4be33870",
          "version": "1.4.4"
        }
      },
      {
        "package": "SQLite.swift",
        "repositoryURL": "https://github.com/stephencelis/SQLite.swift",
        "state": {
          "branch": null,
          "revision": "4d543d811ee644fa4cc4bfa0be996b4dd6ba0f54",
          "version": "0.13.3"
        }
      },
      {
        "package": "swift-log",
        "repositoryURL": "https://github.com/apple/swift-log.git",
        "state": {
          "branch": null,
          "revision": "5d66f7ba25daf4f94100e7022febf3c75e37a6c7",
          "version": "1.4.2"
        }
      }
    ]
  },
  "version": 1
}
